github.com/wbrown/llmapi v0.0.0-20260306155236-40bc5eb4803e h1:8YQySL7EkKukeJe8E3cxtmO9XwWfgjElZtrJDvd7QDU=
github.com/wbrown/llmapi v0.0.0-20260306155236-40bc5eb4803e/go.mod h1:Xfi3YTGRYZ/OuDWSFDPSW8vmIMgG1P0p4pmlggqOIos=
github.com/wbrown/llmapi v0.0.0-20260618170904-389836bd98d1 h1:iIJcxIr/x8H/CjYTorWqnjPVUZCTogsYfPbTsaLAWsQ=
github.com/wbrown/llmapi v0.0.0-20260618170904-389836bd98d1/go.mod h1:Xfi3YTGRYZ/OuDWSFDPSW8vmIMgG1P0p4pmlggqOIos=
github.com/wbrown/llmapi v0.0.0-20260702204501-acf7b2a38322 h1:7pVO97El4f8bg8vRpwBljsluaxY6iZc8UwA5dKM5Dog=
github.com/wbrown/llmapi v0.0.0-20260702204501-acf7b2a38322/go.mod h1:Xfi3YTGRYZ/OuDWSFDPSW8vmIMgG1P0p4pmlggqOIos=
github.com/wbrown/llmapi v0.0.0-20260922215116-71264badf915 h1:WlR5tF4jXi0qpk7lSWrU94meLDeKyQ7Kad07TkHUYuk=
github.com/wbrown/llmapi v0.0.0-20260922215116-71264badf915/go.mod h1:Xfi3YTGRYZ/OuDWSFDPSW8vmIMgG1P0p4pmlggqOIos=
github.com/wbrown/llmapi v0.0.0-20260922222647-3c6e80059848 h1:JnNaCmZMkoyEx5Bl0R8D/yEKi31pF63MdoheJh2gfJU=
github.com/wbrown/llmapi v0.0.0-20260922222647-3c6e80059848/go.mod h1:Xfi3YTGRYZ/OuDWSFDPSW8vmIMgG1P0p4pmlggqOIos=
github.com/wbrown/tinyoai v0.0.0-20260614034019-f2b3f73e7dae h1:bgYzg1laY0kNl2Hm4LxIdTQzaco11ZJzNp7R2vJ5U9M=
github.com/wbrown/tinyoai v0.0.0-20260614034019-f2b3f73e7dae/go.mod h1:GLZsHTGgcGqWQnmxJ9xXJogpvJrVAgnltIqJV/gqs1s=
